// !$*UTF8*$!
{
	archiveVersion = 1;
	classes = {
	};
	objectVersion = 46;
	objects = {

/* Begin PBXBuildFile section */
		8F57AE9E1EF5244800EFA7B8 /* AppDelegate.swift in Sources */ = {isa = PBXBuildFile; fileRef = 8F57AE9D1EF5244800EFA7B8 /* AppDelegate.swift */; };
		8F57AEA01EF5244800EFA7B8 /* LoginViewController.swift in Sources */ = {isa = PBXBuildFile; fileRef = 8F57AE9F1EF5244800EFA7B8 /* LoginViewController.swift */; };
		8F57AEA31EF5244800EFA7B8 /* Main.storyboard in Resources */ = {isa = PBXBuildFile; fileRef = 8F57AEA11EF5244800EFA7B8 /* Main.storyboard */; };
		8F57AEA51EF5244800EFA7B8 /* Assets.xcassets in Resources */ = {isa = PBXBuildFile; fileRef = 8F57AEA41EF5244800EFA7B8 /* Assets.xcassets */; };
		8F57AEA81EF5244800EFA7B8 /* LaunchScreen.storyboard in Resources */ = {isa = PBXBuildFile; fileRef = 8F57AEA61EF5244800EFA7B8 /* LaunchScreen.storyboard */; };
		8F57AEB31EF5244800EFA7B8 /* LBTAAudibleTutorialTests.swift in Sources */ = {isa = PBXBuildFile; fileRef = 8F57AEB21EF5244800EFA7B8 /* LBTAAudibleTutorialTests.swift */; };
		8F57AEBE1EF52AAB00EFA7B8 /* PageCell.swift in Sources */ = {isa = PBXBuildFile; fileRef = 8F57AEBD1EF52AAB00EFA7B8 /* PageCell.swift */; };
		8F57AEC01EF52CA100EFA7B8 /* Constants.swift in Sources */ = {isa = PBXBuildFile; fileRef = 8F57AEBF1EF52CA100EFA7B8 /* Constants.swift */; };
/* End PBXBuildFile section */

/* Begin PBXContainerItemProxy section */
		8F57AEAF1EF5244800EFA7B8 /* PBXContainerItemProxy */ = {
			isa = PBXContainerItemProxy;
			containerPortal = 8F57AE921EF5244800EFA7B8 /* Project object */;
			proxyType = 1;
			remoteGlobalIDString = 8F57AE991EF5244800EFA7B8;
			remoteInfo = LBTAAudibleTutorial;
		};
/* End PBXContainerItemProxy section */

/* Begin PBXFileReference section */
		8F57AE9A1EF5244800EFA7B8 /* LBTAAudibleTutorial.app */ = {isa = PBXFileReference; explicitFileType = wrapper.application; includeInIndex = 0; path = LBTAAudibleTutorial.app; sourceTree = BUILT_PRODUCTS_DIR; };
		8F57AE9D1EF5244800EFA7B8 /* AppDelegate.swift */ = {isa = PBXFileReference; lastKnownFileType = sourcecode.swift; path = AppDelegate.swift; sourceTree = "<group>"; };
		8F57AE9F1EF5244800EFA7B8 /* LoginViewController.swift */ = {isa = PBXFileReference; lastKnownFileType = sourcecode.swift; path = LoginViewController.swift; sourceTree = "<group>"; };
		8F57AEA21EF5244800EFA7B8 /* Base */ = {isa = PBXFileReference; lastKnownFileType = file.storyboard; name = Base; path = Base.lproj/Main.storyboard; sourceTree = "<group>"; };
		8F57AEA41EF5244800EFA7B8 /* Assets.xcassets */ = {isa = PBXFileReference; lastKnownFileType = folder.assetcatalog; path = Assets.xcassets; sourceTree = "<group>"; };
		8F57AEA71EF5244800EFA7B8 /* Base */ = {isa = PBXFileReference; lastKnownFileType = file.storyboard; name = Base; path = Base.lproj/LaunchScreen.storyboard; sourceTree = "<group>"; };
		8F57AEA91EF5244800EFA7B8 /* Info.plist */ = {isa = PBXFileReference; lastKnownFileType = text.plist.xml; path = Info.plist; sourceTree = "<group>"; };
		8F57AEAE1EF5244800EFA7B8 /* LBTAAudibleTutorialTests.xctest */ = {isa = PBXFileReference; explicitFileType = wrapper.cfbundle; includeInIndex = 0; path = LBTAAudibleTutorialTests.xctest; sourceTree = BUILT_PRODUCTS_DIR; };
		8F57AEB21EF5244800EFA7B8 /* LBTAAudibleTutorialTests.swift */ = {isa = PBXFileReference; lastKnownFileType = sourcecode.swift; path = LBTAAudibleTutorialTests.swift; sourceTree = "<group>"; };
		8F57AEB41EF5244800EFA7B8 /* Info.plist */ = {isa = PBXFileReference; lastKnownFileType = text.plist.xml; path = Info.plist; sourceTree = "<group>"; };
		8F57AEBD1EF52AAB00EFA7B8 /* PageCell.swift */ = {isa = PBXFileReference; fileEncoding = 4; lastKnownFileType = sourcecode.swift; path = PageCell.swift; sourceTree = "<group>"; };
		8F57AEBF1EF52CA100EFA7B8 /* Constants.swift */ = {isa = PBXFileReference; fileEncoding = 4; lastKnownFileType = sourcecode.swift; path = Constants.swift; sourceTree = "<group>"; };
/* End PBXFileReference section */

/* Begin PBXFrameworksBuildPhase section */
		8F57AE971EF5244800EFA7B8 /* Frameworks */ = {
			isa = PBXFrameworksBuildPhase;
			buildActionMask = 2147483647;
			files = (
			);
			runOnlyForDeploymentPostprocessing = 0;
		};
		8F57AEAB1EF5244800EFA7B8 /* Frameworks */ = {
			isa = PBXFrameworksBuildPhase;
			buildActionMask = 2147483647;
			files = (
			);
			runOnlyForDeploymentPostprocessing = 0;
		};
/* End PBXFrameworksBuildPhase section */

/* Begin PBXGroup section */
		8F57AE911EF5244800EFA7B8 = {
			isa = PBXGroup;
			children = (
				8F57AE9C1EF5244800EFA7B8 /* LBTAAudibleTutorial */,
				8F57AEB11EF5244800EFA7B8 /* LBTAAudibleTutorialTests */,
				8F57AE9B1EF5244800EFA7B8 /* Products */,
			);
			sourceTree = "<group>";
		};
		8F57AE9B1EF5244800EFA7B8 /* Products */ = {
			isa = PBXGroup;
			children = (
				8F57AE9A1EF5244800EFA7B8 /* LBTAAudibleTutorial.app */,
				8F57AEAE1EF5244800EFA7B8 /* LBTAAudibleTutorialTests.xctest */,
			);
			name = Products;
			sourceTree = "<group>";
		};
		8F57AE9C1EF5244800EFA7B8 /* LBTAAudibleTutorial */ = {
			isa = PBXGroup;
			children = (
				8F57AEBF1EF52CA100EFA7B8 /* Constants.swift */,
				8F57AEC11EF52D7900EFA7B8 /* App flow */,
				8F57AE9D1EF5244800EFA7B8 /* AppDelegate.swift */,
				8F57AEA41EF5244800EFA7B8 /* Assets.xcassets */,
				8F57AEA11EF5244800EFA7B8 /* Main.storyboard */,
				8F57AEA61EF5244800EFA7B8 /* LaunchScreen.storyboard */,
				8F57AEA91EF5244800EFA7B8 /* Info.plist */,
			);
			path = LBTAAudibleTutorial;
			sourceTree = "<group>";
		};
		8F57AEB11EF5244800EFA7B8 /* LBTAAudibleTutorialTests */ = {
			isa = PBXGroup;
			children = (
				8F57AEB21EF5244800EFA7B8 /* LBTAAudibleTutorialTests.swift */,
				8F57AEB41EF5244800EFA7B8 /* Info.plist */,
			);
			path = LBTAAudibleTutorialTests;
			sourceTree = "<group>";
		};
		8F57AEC11EF52D7900EFA7B8 /* App flow */ = {
			isa = PBXGroup;
			children = (
				8F57AEC21EF52D8100EFA7B8 /* Login */,
			);
			name = "App flow";
			sourceTree = "<group>";
		};
		8F57AEC21EF52D8100EFA7B8 /* Login */ = {
			isa = PBXGroup;
			children = (
				8F57AE9F1EF5244800EFA7B8 /* LoginViewController.swift */,
				8F57AEC31EF52D9800EFA7B8 /* Cells */,
			);
			name = Login;
			sourceTree = "<group>";
		};
		8F57AEC31EF52D9800EFA7B8 /* Cells */ = {
			isa = PBXGroup;
			children = (
				8F57AEBD1EF52AAB00EFA7B8 /* PageCell.swift */,
			);
			name = Cells;
			sourceTree = "<group>";
		};
/* End PBXGroup section */

/* Begin PBXNativeTarget section */
		8F57AE991EF5244800EFA7B8 /* LBTAAudibleTutorial */ = {
			isa = PBXNativeTarget;
			buildConfigurationList = 8F57AEB71EF5244800EFA7B8 /* Build configuration list for PBXNativeTarget "LBTAAudibleTutorial" */;
			buildPhases = (
				8F57AE961EF5244800EFA7B8 /* Sources */,
				8F57AE971EF5244800EFA7B8 /* Frameworks */,
				8F57AE981EF5244800EFA7B8 /* Resources */,
			);
			buildRules = (
			);
			dependencies = (
			);
			name = LBTAAudibleTutorial;
			productName = LBTAAudibleTutorial;
			productReference = 8F57AE9A1EF5244800EFA7B8 /* LBTAAudibleTutorial.app */;
			productType = "com.apple.product-type.application";
		};
		8F57AEAD1EF5244800EFA7B8 /* LBTAAudibleTutorialTests */ = {
			isa = PBXNativeTarget;
			buildConfigurationList = 8F57AEBA1EF5244800EFA7B8 /* Build configuration list for PBXNativeTarget "LBTAAudibleTutorialTests" */;
			buildPhases = (
				8F57AEAA1EF5244800EFA7B8 /* Sources */,
				8F57AEAB1EF5244800EFA7B8 /* Frameworks */,
				8F57AEAC1EF5244800EFA7B8 /* Resources */,
			);
			buildRules = (
			);
			dependencies = (
				8F57AEB01EF5244800EFA7B8 /* PBXTargetDependency */,
			);
			name = LBTAAudibleTutorialTests;
			productName = LBTAAudibleTutorialTests;
			productReference = 8F57AEAE1EF5244800EFA7B8 /* LBTAAudibleTutorialTests.xctest */;
			productType = "com.apple.product-type.bundle.unit-test";
		};
/* End PBXNativeTarget section */

/* Begin PBXProject section */
		8F57AE921EF5244800EFA7B8 /* Project object */ = {
			isa = PBXProject;
			attributes = {
				LastSwiftUpdateCheck = 0830;
				LastUpgradeCheck = 0830;
				ORGANIZATIONNAME = "Kevin Quisquater";
				TargetAttributes = {
					8F57AE991EF5244800EFA7B8 = {
						CreatedOnToolsVersion = 8.3.3;
						DevelopmentTeam = DZRUU2Q993;
						ProvisioningStyle = Automatic;
					};
					8F57AEAD1EF5244800EFA7B8 = {
						CreatedOnToolsVersion = 8.3.3;
						DevelopmentTeam = DZRUU2Q993;
						ProvisioningStyle = Automatic;
						TestTargetID = 8F57AE991EF5244800EFA7B8;
					};
				};
			};
			buildConfigurationList = 8F57AE951EF5244800EFA7B8 /* Build configuration list for PBXProject "LBTAAudibleTutorial" */;
			compatibilityVersion = "Xcode 3.2";
			developmentRegion = English;
			hasScannedForEncodings = 0;
			knownRegions = (
				en,
				Base,
			);
			mainGroup = 8F57AE911EF5244800EFA7B8;
			productRefGroup = 8F57AE9B1EF5244800EFA7B8 /* Products */;
			projectDirPath = "";
			projectRoot = "";
			targets = (
				8F57AE991EF5244800EFA7B8 /* LBTAAudibleTutorial */,
				8F57AEAD1EF5244800EFA7B8 /* LBTAAudibleTutorialTests */,
			);
		};
/* End PBXProject section */

/* Begin PBXResourcesBuildPhase section */
		8F57AE981EF5244800EFA7B8 /* Resources */ = {
			isa = PBXResourcesBuildPhase;
			buildActionMask = 2147483647;
			files = (
				8F57AEA81EF5244800EFA7B8 /* LaunchScreen.storyboard in Resources */,
				8F57AEA51EF5244800EFA7B8 /* Assets.xcassets in Resources */,
				8F57AEA31EF5244800EFA7B8 /* Main.storyboard in Resources */,
			);
			runOnlyForDeploymentPostprocessing = 0;
		};
		8F57AEAC1EF5244800EFA7B8 /* Resources */ = {
			isa = PBXResourcesBuildPhase;
			buildActionMask = 2147483647;
			files = (
			);
			runOnlyForDeploymentPostprocessing = 0;
		};
/* End PBXResourcesBuildPhase section */

/* Begin PBXSourcesBuildPhase section */
		8F57AE961EF5244800EFA7B8 /* Sources */ = {
			isa = PBXSourcesBuildPhase;
			buildActionMask = 2147483647;
			files = (
				8F57AEA01EF5244800EFA7B8 /* LoginViewController.swift in Sources */,
				8F57AE9E1EF5244800EFA7B8 /* AppDelegate.swift in Sources */,
				8F57AEBE1EF52AAB00EFA7B8 /* PageCell.swift in Sources */,
				8F57AEC01EF52CA100EFA7B8 /* Constants.swift in Sources */,
			);
			runOnlyForDeploymentPostprocessing = 0;
		};
		8F57AEAA1EF5244800EFA7B8 /* Sources */ = {
			isa = PBXSourcesBuildPhase;
			buildActionMask = 2147483647;
			files = (
				8F57AEB31EF5244800EFA7B8 /* LBTAAudibleTutorialTests.swift in Sources */,
			);
			runOnlyForDeploymentPostprocessing = 0;
		};
/* End PBXSourcesBuildPhase section */

/* Begin PBXTargetDependency section */
		8F57AEB01EF5244800EFA7B8 /* PBXTargetDependency */ = {
			isa = PBXTargetDependency;
			target = 8F57AE991EF5244800EFA7B8 /* LBTAAudibleTutorial */;
			targetProxy = 8F57AEAF1EF5244800EFA7B8 /* PBXContainerItemProxy */;
		};
/* End PBXTargetDependency section */

/* Begin PBXVariantGroup section */
		8F57AEA11EF5244800EFA7B8 /* Main.storyboard */ = {
			isa = PBXVariantGroup;
			children = (
				8F57AEA21EF5244800EFA7B8 /* Base */,
			);
			name = Main.storyboard;
			sourceTree = "<group>";
		};
		8F57AEA61EF5244800EFA7B8 /* LaunchScreen.storyboard */ = {
			isa = PBXVariantGroup;
			children = (
				8F57AEA71EF5244800EFA7B8 /* Base */,
			);
			name = LaunchScreen.storyboard;
			sourceTree = "<group>";
		};
/* End PBXVariantGroup section */

/* Begin XCBuildConfiguration section */
		8F57AEB51EF5244800EFA7B8 /* Debug */ = {
			isa = XCBuildConfiguration;
			buildSettings = {
				ALWAYS_SEARCH_USER_PATHS = NO;
				CLANG_ANALYZER_NONNULL = YES;
				CLANG_ANALYZER_NUMBER_OBJECT_CONVERSION = YES_AGGRESSIVE;
				CLANG_CXX_LANGUAGE_STANDARD = "gnu++0x";
				CLANG_CXX_LIBRARY = "libc++";
				CLANG_ENABLE_MODULES = YES;
				CLANG_ENABLE_OBJC_ARC = YES;
				CLANG_WARN_BOOL_CONVERSION = YES;
				CLANG_WARN_CONSTANT_CONVERSION = YES;
				CLANG_WARN_DIRECT_OBJC_ISA_USAGE = YES_ERROR;
				CLANG_WARN_DOCUMENTATION_COMMENTS = YES;
				CLANG_WARN_EMPTY_BODY = YES;
				CLANG_WARN_ENUM_CONVERSION = YES;
				CLANG_WARN_INFINITE_RECURSION = YES;
				CLANG_WARN_INT_CONVERSION = YES;
				CLANG_WARN_OBJC_ROOT_CLASS = YES_ERROR;
				CLANG_WARN_SUSPICIOUS_MOVE = YES;
				CLANG_WARN_UNREACHABLE_CODE = YES;
				CLANG_WARN__DUPLICATE_METHOD_MATCH = YES;
				"CODE_SIGN_IDENTITY[sdk=iphoneos*]" = "iPhone Developer";
				COPY_PHASE_STRIP = NO;
				DEBUG_INFORMATION_FORMAT = dwarf;
				ENABLE_STRICT_OBJC_MSGSEND = YES;
				ENABLE_TESTABILITY = YES;
				GCC_C_LANGUAGE_STANDARD = gnu99;
				GCC_DYNAMIC_NO_PIC = NO;
				GCC_NO_COMMON_BLOCKS = YES;
				GCC_OPTIMIZATION_LEVEL = 0;
				GCC_PREPROCESSOR_DEFINITIONS = (
					"DEBUG=1",
					"$(inherited)",
				);
				GCC_WARN_64_TO_32_BIT_CONVERSION = YES;
				GCC_WARN_ABOUT_RETURN_TYPE = YES_ERROR;
				GCC_WARN_UNDECLARED_SELECTOR = YES;
				GCC_WARN_UNINITIALIZED_AUTOS = YES_AGGRESSIVE;
				GCC_WARN_UNUSED_FUNCTION = YES;
				GCC_WARN_UNUSED_VARIABLE = YES;
				IPHONEOS_DEPLOYMENT_TARGET = 10.3;
				MTL_ENABLE_DEBUG_INFO = YES;
				ONLY_ACTIVE_ARCH = YES;
				SDKROOT = iphoneos;
				SWIFT_ACTIVE_COMPILATION_CONDITIONS = DEBUG;
				SWIFT_OPTIMIZATION_LEVEL = "-Onone";
			};
			name = Debug;
		};
		8F57AEB61EF5244800EFA7B8 /* Release */ = {
			isa = XCBuildConfiguration;
			buildSettings = {
				ALWAYS_SEARCH_USER_PATHS = NO;
				CLANG_ANALYZER_NONNULL = YES;
				CLANG_ANALYZER_NUMBER_OBJECT_CONVERSION = YES_AGGRESSIVE;
				CLANG_CXX_LANGUAGE_STANDARD = "gnu++0x";
				CLANG_CXX_LIBRARY = "libc++";
				CLANG_ENABLE_MODULES = YES;
				CLANG_ENABLE_OBJC_ARC = YES;
				CLANG_WARN_BOOL_CONVERSION = YES;
				CLANG_WARN_CONSTANT_CONVERSION = YES;
				CLANG_WARN_DIRECT_OBJC_ISA_USAGE = YES_ERROR;
				CLANG_WARN_DOCUMENTATION_COMMENTS = YES;
				CLANG_WARN_EMPTY_BODY = YES;
				CLANG_WARN_ENUM_CONVERSION = YES;
				CLANG_WARN_INFINITE_RECURSION = YES;
				CLANG_WARN_INT_CONVERSION = YES;
				CLANG_WARN_OBJC_ROOT_CLASS = YES_ERROR;
				CLANG_WARN_SUSPICIOUS_MOVE = YES;
				CLANG_WARN_UNREACHABLE_CODE = YES;
				CLANG_WARN__DUPLICATE_METHOD_MATCH = YES;
				"CODE_SIGN_IDENTITY[sdk=iphoneos*]" = "iPhone Developer";
				COPY_PHASE_STRIP = NO;
				DEBUG_INFORMATION_FORMAT = "dwarf-with-dsym";
				ENABLE_NS_ASSERTIONS = NO;
				ENABLE_STRICT_OBJC_MSGSEND = YES;
				GCC_C_LANGUAGE_STANDARD = gnu99;
				GCC_NO_COMMON_BLOCKS = YES;
				GCC_WARN_64_TO_32_BIT_CONVERSION = YES;
				GCC_WARN_ABOUT_RETURN_TYPE = YES_ERROR;
				GCC_WARN_UNDECLARED_SELECTOR = YES;
				GCC_WARN_UNINITIALIZED_AUTOS = YES_AGGRESSIVE;
				GCC_WARN_UNUSED_FUNCTION = YES;
				GCC_WARN_UNUSED_VARIABLE = YES;
				IPHONEOS_DEPLOYMENT_TARGET = 10.3;
				MTL_ENABLE_DEBUG_INFO = NO;
				SDKROOT = iphoneos;
				SWIFT_OPTIMIZATION_LEVEL = "-Owholemodule";
				VALIDATE_PRODUCT = YES;
			};
			name = Release;
		};
		8F57AEB81EF5244800EFA7B8 /* Debug */ = {
			isa = XCBuildConfiguration;
			buildSettings = {
				ASSETCATALOG_COMPILER_APPICON_NAME = AppIcon;
				DEVELOPMENT_TEAM = DZRUU2Q993;
				INFOPLIST_FILE = LBTAAudibleTutorial/Info.plist;
				LD_RUNPATH_SEARCH_PATHS = "$(inherited) @executable_path/Frameworks";
				PRODUCT_BUNDLE_IDENTIFIER = com.kevinquisquater.LBTAAudibleTutorial;
				PRODUCT_NAME = "$(TARGET_NAME)";
				SWIFT_VERSION = 3.0;
			};
			name = Debug;
		};
		8F57AEB91EF5244800EFA7B8 /* Release */ = {
			isa = XCBuildConfiguration;
			buildSettings = {
				ASSETCATALOG_COMPILER_APPICON_NAME = AppIcon;
				DEVELOPMENT_TEAM = DZRUU2Q993;
				INFOPLIST_FILE = LBTAAudibleTutorial/Info.plist;
				LD_RUNPATH_SEARCH_PATHS = "$(inherited) @executable_path/Frameworks";
				PRODUCT_BUNDLE_IDENTIFIER = com.kevinquisquater.LBTAAudibleTutorial;
				PRODUCT_NAME = "$(TARGET_NAME)";
				SWIFT_VERSION = 3.0;
			};
			name = Release;
		};
		8F57AEBB1EF5244800EFA7B8 /* Debug */ = {
			isa = XCBuildConfiguration;
			buildSettings = {
				ALWAYS_EMBED_SWIFT_STANDARD_LIBRARIES = YES;
				BUNDLE_LOADER = "$(TEST_HOST)";
				DEVELOPMENT_TEAM = DZRUU2Q993;
				INFOPLIST_FILE = LBTAAudibleTutorialTests/Info.plist;
				LD_RUNPATH_SEARCH_PATHS = "$(inherited) @executable_path/Frameworks @loader_path/Frameworks";
				PRODUCT_BUNDLE_IDENTIFIER = com.kevinquisquater.LBTAAudibleTutorialTests;
				PRODUCT_NAME = "$(TARGET_NAME)";
				SWIFT_VERSION = 3.0;
				TEST_HOST = "$(BUILT_PRODUCTS_DIR)/LBTAAudibleTutorial.app/LBTAAudibleTutorial";
			};
			name = Debug;
		};
		8F57AEBC1EF5244800EFA7B8 /* Release */ = {
			isa = XCBuildConfiguration;
			buildSettings = {
				ALWAYS_EMBED_SWIFT_STANDARD_LIBRARIES = YES;
				BUNDLE_LOADER = "$(TEST_HOST)";
				DEVELOPMENT_TEAM = DZRUU2Q993;
				INFOPLIST_FILE = LBTAAudibleTutorialTests/Info.plist;
				LD_RUNPATH_SEARCH_PATHS = "$(inherited) @executable_path/Frameworks @loader_path/Frameworks";
				PRODUCT_BUNDLE_IDENTIFIER = com.kevinquisquater.LBTAAudibleTutorialTests;
				PRODUCT_NAME = "$(TARGET_NAME)";
				SWIFT_VERSION = 3.0;
				TEST_HOST = "$(BUILT_PRODUCTS_DIR)/LBTAAudibleTutorial.app/LBTAAudibleTutorial";
			};
			name = Release;
		};
/* End XCBuildConfiguration section */

/* Begin XCConfigurationList section */
		8F57AE951EF5244800EFA7B8 /* Build configuration list for PBXProject "LBTAAudibleTutorial" */ = {
			isa = XCConfigurationList;
			buildConfigurations = (
				8F57AEB51EF5244800EFA7B8 /* Debug */,
				8F57AEB61EF5244800EFA7B8 /* Release */,
			);
			defaultConfigurationIsVisible = 0;
			defaultConfigurationName = Release;
		};
		8F57AEB71EF5244800EFA7B8 /* Build configuration list for PBXNativeTarget "LBTAAudibleTutorial" */ = {
			isa = XCConfigurationList;
			buildConfigurations = (
				8F57AEB81EF5244800EFA7B8 /* Debug */,
				8F57AEB91EF5244800EFA7B8 /* Release */,
			);
			defaultConfigurationIsVisible = 0;
		};
		8F57AEBA1EF5244800EFA7B8 /* Build configuration list for PBXNativeTarget "LBTAAudibleTutorialTests" */ = {
			isa = XCConfigurationList;
			buildConfigurations = (
				8F57AEBB1EF5244800EFA7B8 /* Debug */,
				8F57AEBC1EF5244800EFA7B8 /* Release */,
			);
			defaultConfigurationIsVisible = 0;
		};
/* End XCConfigurationList section */
	};
	rootObject = 8F57AE921EF5244800EFA7B8 /* Project object */;
}
